// !$*UTF8*$!
{
	archiveVersion = 1;
	classes = {
	};
	objectVersion = 46;
	objects = {

/* Begin PBXBuildFile section */
		F54C2CD91B083B3D00F8A9F5 /* main.cpp in Sources */ = {isa = PBXBuildFile; fileRef = F54C2CD81B083B3D00F8A9F5 /* main.cpp */; };
		F54C2CE11B083B5900F8A9F5 /* HelloWorld.pb.cc in Sources */ = {isa = PBXBuildFile; fileRef = F54C2CDF1B083B5900F8A9F5 /* HelloWorld.pb.cc */; };
		F54C2CE81B083ECB00F8A9F5 /* libprotobufMacLib.a in Frameworks */ = {isa = PBXBuildFile; fileRef = F54C2CE71B083ECB00F8A9F5 /* libprotobufMacLib.a */; };
/* End PBXBuildFile section */

/* Begin PBXCopyFilesBuildPhase section */
		F54C2CD31B083B3D00F8A9F5 /* CopyFiles */ = {
			isa = PBXCopyFilesBuildPhase;
			buildActionMask = 2147483647;
			dstPath = /usr/share/man/man1/;
			dstSubfolderSpec = 0;
			files = (
			);
			runOnlyForDeploymentPostprocessing = 1;
		};
/* End PBXCopyFilesBuildPhase section */

/* Begin PBXFileReference section */
		F54C2CD51B083B3D00F8A9F5 /* protobufMacTest */ = {isa = PBXFileReference; explicitFileType = "compiled.mach-o.executable"; includeInIndex = 0; path = protobufMacTest; sourceTree = BUILT_PRODUCTS_DIR; };
		F54C2CD81B083B3D00F8A9F5 /* main.cpp */ = {isa = PBXFileReference; lastKnownFileType = sourcecode.cpp.cpp; path = main.cpp; sourceTree = "<group>"; };
		F54C2CDF1B083B5900F8A9F5 /* HelloWorld.pb.cc */ = {isa = PBXFileReference; fileEncoding = 4; lastKnownFileType = sourcecode.cpp.cpp; name = HelloWorld.pb.cc; path = ../../../../Desktop/ptoto/HelloWorld.pb.cc; sourceTree = "<group>"; };
		F54C2CE01B083B5900F8A9F5 /* HelloWorld.pb.h */ = {isa = PBXFileReference; fileEncoding = 4; lastKnownFileType = sourcecode.c.h; name = HelloWorld.pb.h; path = ../../../../Desktop/ptoto/HelloWorld.pb.h; sourceTree = "<group>"; };
		F54C2CE71B083ECB00F8A9F5 /* libprotobufMacLib.a */ = {isa = PBXFileReference; lastKnownFileType = archive.ar; path = libprotobufMacLib.a; sourceTree = "<group>"; };
/* End PBXFileReference section */

/* Begin PBXFrameworksBuildPhase section */
		F54C2CD21B083B3D00F8A9F5 /* Frameworks */ = {
			isa = PBXFrameworksBuildPhase;
			buildActionMask = 2147483647;
			files = (
				F54C2CE81B083ECB00F8A9F5 /* libprotobufMacLib.a in Frameworks */,
			);
			runOnlyForDeploymentPostprocessing = 0;
		};
/* End PBXFrameworksBuildPhase section */

/* Begin PBXGroup section */
		F54C2CCC1B083B3D00F8A9F5 = {
			isa = PBXGroup;
			children = (
				F54C2CE71B083ECB00F8A9F5 /* libprotobufMacLib.a */,
				F54C2CD71B083B3D00F8A9F5 /* protobufMacTest */,
				F54C2CD61B083B3D00F8A9F5 /* Products */,
			);
			sourceTree = "<group>";
		};
		F54C2CD61B083B3D00F8A9F5 /* Products */ = {
			isa = PBXGroup;
			children = (
				F54C2CD51B083B3D00F8A9F5 /* protobufMacTest */,
			);
			name = Products;
			sourceTree = "<group>";
		};
		F54C2CD71B083B3D00F8A9F5 /* protobufMacTest */ = {
			isa = PBXGroup;
			children = (
				F54C2CDF1B083B5900F8A9F5 /* HelloWorld.pb.cc */,
				F54C2CE01B083B5900F8A9F5 /* HelloWorld.pb.h */,
				F54C2CD81B083B3D00F8A9F5 /* main.cpp */,
			);
			path = protobufMacTest;
			sourceTree = "<group>";
		};
/* End PBXGroup section */

/* Begin PBXNativeTarget section */
		F54C2CD41B083B3D00F8A9F5 /* protobufMacTest */ = {
			isa = PBXNativeTarget;
			buildConfigurationList = F54C2CDC1B083B3D00F8A9F5 /* Build configuration list for PBXNativeTarget "protobufMacTest" */;
			buildPhases = (
				F54C2CD11B083B3D00F8A9F5 /* Sources */,
				F54C2CD21B083B3D00F8A9F5 /* Frameworks */,
				F54C2CD31B083B3D00F8A9F5 /* CopyFiles */,
			);
			buildRules = (
			);
			dependencies = (
			);
			name = protobufMacTest;
			productName = protobufMacTest;
			productReference = F54C2CD51B083B3D00F8A9F5 /* protobufMacTest */;
			productType = "com.apple.product-type.tool";
		};
/* End PBXNativeTarget section */

/* Begin PBXProject section */
		F54C2CCD1B083B3D00F8A9F5 /* Project object */ = {
			isa = PBXProject;
			attributes = {
				LastUpgradeCheck = 0610;
				ORGANIZATIONNAME = "郑光龙";
				TargetAttributes = {
					F54C2CD41B083B3D00F8A9F5 = {
						CreatedOnToolsVersion = 6.1.1;
					};
				};
			};
			buildConfigurationList = F54C2CD01B083B3D00F8A9F5 /* Build configuration list for PBXProject "protobufMacTest" */;
			compatibilityVersion = "Xcode 3.2";
			developmentRegion = English;
			hasScannedForEncodings = 0;
			knownRegions = (
				en,
			);
			mainGroup = F54C2CCC1B083B3D00F8A9F5;
			productRefGroup = F54C2CD61B083B3D00F8A9F5 /* Products */;
			projectDirPath = "";
			projectRoot = "";
			targets = (
				F54C2CD41B083B3D00F8A9F5 /* protobufMacTest */,
			);
		};
/* End PBXProject section */

/* Begin PBXSourcesBuildPhase section */
		F54C2CD11B083B3D00F8A9F5 /* Sources */ = {
			isa = PBXSourcesBuildPhase;
			buildActionMask = 2147483647;
			files = (
				F54C2CE11B083B5900F8A9F5 /* HelloWorld.pb.cc in Sources */,
				F54C2CD91B083B3D00F8A9F5 /* main.cpp in Sources */,
			);
			runOnlyForDeploymentPostprocessing = 0;
		};
/* End PBXSourcesBuildPhase section */

/* Begin XCBuildConfiguration section */
		F54C2CDA1B083B3D00F8A9F5 /* Debug */ = {
			isa = XCBuildConfiguration;
			buildSettings = {
				ALWAYS_SEARCH_USER_PATHS = NO;
				CLANG_CXX_LANGUAGE_STANDARD = "gnu++0x";
				CLANG_CXX_LIBRARY = "libc++";
				CLANG_ENABLE_MODULES = YES;
				CLANG_ENABLE_OBJC_ARC = YES;
				CLANG_WARN_BOOL_CONVERSION = YES;
				CLANG_WARN_CONSTANT_CONVERSION = YES;
				CLANG_WARN_DIRECT_OBJC_ISA_USAGE = YES_ERROR;
				CLANG_WARN_EMPTY_BODY = YES;
				CLANG_WARN_ENUM_CONVERSION = YES;
				CLANG_WARN_INT_CONVERSION = YES;
				CLANG_WARN_OBJC_ROOT_CLASS = YES_ERROR;
				CLANG_WARN_UNREACHABLE_CODE = YES;
				CLANG_WARN__DUPLICATE_METHOD_MATCH = YES;
				COPY_PHASE_STRIP = NO;
				ENABLE_STRICT_OBJC_MSGSEND = YES;
				GCC_C_LANGUAGE_STANDARD = gnu99;
				GCC_DYNAMIC_NO_PIC = NO;
				GCC_OPTIMIZATION_LEVEL = 0;
				GCC_PREPROCESSOR_DEFINITIONS = (
					"DEBUG=1",
					"$(inherited)",
				);
				GCC_SYMBOLS_PRIVATE_EXTERN = NO;
				GCC_WARN_64_TO_32_BIT_CONVERSION = YES;
				GCC_WARN_ABOUT_RETURN_TYPE = YES_ERROR;
				GCC_WARN_UNDECLARED_SELECTOR = YES;
				GCC_WARN_UNINITIALIZED_AUTOS = YES_AGGRESSIVE;
				GCC_WARN_UNUSED_FUNCTION = YES;
				GCC_WARN_UNUSED_VARIABLE = YES;
				MACOSX_DEPLOYMENT_TARGET = 10.10;
				MTL_ENABLE_DEBUG_INFO = YES;
				ONLY_ACTIVE_ARCH = YES;
				SDKROOT = macosx;
			};
			name = Debug;
		};
		F54C2CDB1B083B3D00F8A9F5 /* Release */ = {
			isa = XCBuildConfiguration;
			buildSettings = {
				ALWAYS_SEARCH_USER_PATHS = NO;
				CLANG_CXX_LANGUAGE_STANDARD = "gnu++0x";
				CLANG_CXX_LIBRARY = "libc++";
				CLANG_ENABLE_MODULES = YES;
				CLANG_ENABLE_OBJC_ARC = YES;
				CLANG_WARN_BOOL_CONVERSION = YES;
				CLANG_WARN_CONSTANT_CONVERSION = YES;
				CLANG_WARN_DIRECT_OBJC_ISA_USAGE = YES_ERROR;
				CLANG_WARN_EMPTY_BODY = YES;
				CLANG_WARN_ENUM_CONVERSION = YES;
				CLANG_WARN_INT_CONVERSION = YES;
				CLANG_WARN_OBJC_ROOT_CLASS = YES_ERROR;
				CLANG_WARN_UNREACHABLE_CODE = YES;
				CLANG_WARN__DUPLICATE_METHOD_MATCH = YES;
				COPY_PHASE_STRIP = YES;
				DEBUG_INFORMATION_FORMAT = "dwarf-with-dsym";
				ENABLE_NS_ASSERTIONS = NO;
				ENABLE_STRICT_OBJC_MSGSEND = YES;
				GCC_C_LANGUAGE_STANDARD = gnu99;
				GCC_WARN_64_TO_32_BIT_CONVERSION = YES;
				GCC_WARN_ABOUT_RETURN_TYPE = YES_ERROR;
				GCC_WARN_UNDECLARED_SELECTOR = YES;
				GCC_WARN_UNINITIALIZED_AUTOS = YES_AGGRESSIVE;
				GCC_WARN_UNUSED_FUNCTION = YES;
				GCC_WARN_UNUSED_VARIABLE = YES;
				MACOSX_DEPLOYMENT_TARGET = 10.10;
				MTL_ENABLE_DEBUG_INFO = NO;
				SDKROOT = macosx;
			};
			name = Release;
		};
		F54C2CDD1B083B3D00F8A9F5 /* Debug */ = {
			isa = XCBuildConfiguration;
			buildSettings = {
				HEADER_SEARCH_PATHS = (
					"$(inherited)",
					/Applications/Xcode.app/Contents/Developer/Toolchains/XcodeDefault.xctoolchain/usr/include,
					"$(SRCROOT)/src/**",
				);
				LIBRARY_SEARCH_PATHS = (
					"$(inherited)",
					"$(PROJECT_DIR)",
				);
				PRODUCT_NAME = "$(TARGET_NAME)";
			};
			name = Debug;
		};
		F54C2CDE1B083B3D00F8A9F5 /* Release */ = {
			isa = XCBuildConfiguration;
			buildSettings = {
				HEADER_SEARCH_PATHS = (
					"$(inherited)",
					/Applications/Xcode.app/Contents/Developer/Toolchains/XcodeDefault.xctoolchain/usr/include,
					"$(SRCROOT)/src/**",
				);
				LIBRARY_SEARCH_PATHS = (
					"$(inherited)",
					"$(PROJECT_DIR)",
				);
				PRODUCT_NAME = "$(TARGET_NAME)";
			};
			name = Release;
		};
/* End XCBuildConfiguration section */

/* Begin XCConfigurationList section */
		F54C2CD01B083B3D00F8A9F5 /* Build configuration list for PBXProject "protobufMacTest" */ = {
			isa = XCConfigurationList;
			buildConfigurations = (
				F54C2CDA1B083B3D00F8A9F5 /* Debug */,
				F54C2CDB1B083B3D00F8A9F5 /* Release */,
			);
			defaultConfigurationIsVisible = 0;
			defaultConfigurationName = Release;
		};
		F54C2CDC1B083B3D00F8A9F5 /* Build configuration list for PBXNativeTarget "protobufMacTest" */ = {
			isa = XCConfigurationList;
			buildConfigurations = (
				F54C2CDD1B083B3D00F8A9F5 /* Debug */,
				F54C2CDE1B083B3D00F8A9F5 /* Release */,
			);
			defaultConfigurationIsVisible = 0;
		};
/* End XCConfigurationList section */
	};
	rootObject = F54C2CCD1B083B3D00F8A9F5 /* Project object */;
}
